{
  "name": "edge-learner",
  "version": "1.0.0",
  "lockfileVersion": 1,
  "requires": true,
  "dependencies": {
    "commander": {
      "version": "2.20.3",
      "resolved": "https://registry.npmjs.org/commander/-/commander-2.20.3.tgz",
      "integrity": "sha512-GpVkmM8vF2vQUkj2LvZmD35JxeJOLCwJ9cUkugyk2nuhbv3+mJvpLYYt+0+USMxE+oj+ey/lJEnhZw75x/OMcQ=="
    },
    "d3": {
      "version": "4.2.8",
      "resolved": "https://registry.npmjs.org/d3/-/d3-4.2.8.tgz",
      "integrity": "sha1-Q6q9Sx9hbSJ5aPKYErNuIq2EHYc=",
      "requires": {
        "d3-array": "1.0.1",
        "d3-axis": "1.0.3",
        "d3-brush": "1.0.3",
        "d3-chord": "1.0.2",
        "d3-collection": "1.0.1",
        "d3-color": "1.0.1",
        "d3-dispatch": "1.0.1",
        "d3-drag": "1.0.1",
        "d3-dsv": "1.0.3",
        "d3-ease": "1.0.1",
        "d3-force": "1.0.3",
        "d3-format": "1.0.2",
        "d3-geo": "1.2.6",
        "d3-hierarchy": "1.0.2",
        "d3-interpolate": "1.1.1",
        "d3-path": "1.0.2",
        "d3-polygon": "1.0.1",
        "d3-quadtree": "1.0.1",
        "d3-queue": "3.0.3",
        "d3-random": "1.0.1",
        "d3-request": "1.0.2",
        "d3-scale": "1.0.3",
        "d3-selection": "1.0.2",
        "d3-shape": "1.0.3",
        "d3-time": "1.0.4",
        "d3-time-format": "2.0.2",
        "d3-timer": "1.0.3",
        "d3-transition": "1.0.3",
        "d3-voronoi": "1.0.2",
        "d3-zoom": "1.0.3"
      }
    },
    "d3-array": {
      "version": "1.0.1",
      "resolved": "https://registry.npmjs.org/d3-array/-/d3-array-1.0.1.tgz",
      "integrity": "sha1-N1wCh0/NlsFu2fG89bSnvlPzWOc="
    },
    "d3-axis": {
      "version": "1.0.3",
      "resolved": "https://registry.npmjs.org/d3-axis/-/d3-axis-1.0.3.tgz",
      "integrity": "sha1-3cvYojwqVo03h94N7gCjZBPF1ZU="
    },
    "d3-brush": {
      "version": "1.0.3",
      "resolved": "https://registry.npmjs.org/d3-brush/-/d3-brush-1.0.3.tgz",
      "integrity": "sha1-T6U3TMO3VdCZC/drcbemZBd1HHQ=",
      "requires": {
        "d3-dispatch": "1",
        "d3-drag": "1",
        "d3-interpolate": "1",
        "d3-selection": "1",
        "d3-transition": "1"
      }
    },
    "d3-chord": {
      "version": "1.0.2",
      "resolved": "https://registry.npmjs.org/d3-chord/-/d3-chord-1.0.2.tgz",
      "integrity": "sha1-mxrJDv595EjAuRiDCQcd5ShVqZo=",
      "requires": {
        "d3-array": "1",
        "d3-path": "1"
      }
    },
    "d3-collection": {
      "version": "1.0.1",
      "resolved": "https://registry.npmjs.org/d3-collection/-/d3-collection-1.0.1.tgz",
      "integrity": "sha1-W1xWJvcxEitgCxB9caCIM/7ASa0="
    },
    "d3-color": {
      "version": "1.0.1",
      "resolved": "https://registry.npmjs.org/d3-color/-/d3-color-1.0.1.tgz",
      "integrity": "sha1-c8yR9O4/EuAMoGsVlqfIPPEEcjo="
    },
    "d3-dispatch": {
      "version": "1.0.1",
      "resolved": "https://registry.npmjs.org/d3-dispatch/-/d3-dispatch-1.0.1.tgz",
      "integrity": "sha1-S9ZaQ87P9DGN653yRVKqi/KBqEA="
    },
    "d3-drag": {
      "version": "1.0.1",
      "resolved": "https://registry.npmjs.org/d3-drag/-/d3-drag-1.0.1.tgz",
      "integrity": "sha1-Sa2fXJGGVZP7MMhrFfkyLUP+xR8=",
      "requires": {
        "d3-dispatch": "1",
        "d3-selection": "1"
      }
    },
    "d3-dsv": {
      "version": "1.0.3",
      "resolved": "https://registry.npmjs.org/d3-dsv/-/d3-dsv-1.0.3.tgz",
      "integrity": "sha1-BJ/kPA9fYMf/fTdmFrx21vydN48=",
      "requires": {
        "commander": "2",
        "iconv-lite": "0.4",
        "rw": "1"
      }
    },
    "d3-ease": {
      "version": "1.0.1",
      "resolved": "https://registry.npmjs.org/d3-ease/-/d3-ease-1.0.1.tgz",
      "integrity": "sha1-oYwtROIY+4uextY1vMpYf4WXmoU="
    },
    "d3-force": {
      "version": "1.0.3",
      "resolved": "https://registry.npmjs.org/d3-force/-/d3-force-1.0.3.tgz",
      "integrity": "sha1-S3vIEjgrJEl5VLGaYTC1UaM+G3M=",
      "requires": {
        "d3-collection": "1",
        "d3-dispatch": "1",
        "d3-quadtree": "1",
        "d3-timer": "1"
      }
    },
    "d3-format": {
      "version": "1.0.2",
      "resolved": "https://registry.npmjs.org/d3-format/-/d3-format-1.0.2.tgz",
      "integrity": "sha1-E4YYMgtLvrQ7XA/zBRkHn7vXN14="
    },
    "d3-geo": {
      "version": "1.2.6",
      "resolved": "https://registry.npmjs.org/d3-geo/-/d3-geo-1.2.6.tgz",
      "integrity": "sha1-+lEogkCjDrbKSIXBUUjpxSVqewA=",
      "requires": {
        "d3-array": "1"
      }
    },
    "d3-hierarchy": {
      "version": "1.0.2",
      "resolved": "https://registry.npmjs.org/d3-hierarchy/-/d3-hierarchy-1.0.2.tgz",
      "integrity": "sha1-yPqhHcSbzJORTGqjWka97k4B7nI="
    },
    "d3-interpolate": {
      "version": "1.1.1",
      "resolved": "https://registry.npmjs.org/d3-interpolate/-/d3-interpolate-1.1.1.tgz",
      "integrity": "sha1-+a1PmkIbIsrYg4z1PZvSy60Lj9c=",
      "requires": {
        "d3-color": "1"
      }
    },
    "d3-path": {
      "version": "1.0.2",
      "resolved": "https://registry.npmjs.org/d3-path/-/d3-path-1.0.2.tgz",
      "integrity": "sha1-mUGkctrtYghOXs9DlJh7ytyMOac="
    },
    "d3-polygon": {
      "version": "1.0.1",
      "resolved": "https://registry.npmjs.org/d3-polygon/-/d3-polygon-1.0.1.tgz",
      "integrity": "sha1-wecQzHFbCC8YSU0QLkG9qvjETQM="
    },
    "d3-quadtree": {
      "version": "1.0.1",
      "resolved": "https://registry.npmjs.org/d3-quadtree/-/d3-quadtree-1.0.1.tgz",
      "integrity": "sha1-E74CViTxEEBe1DU2xQaq7Bme1ZE="
    },
    "d3-queue": {
      "version": "3.0.3",
      "resolved": "https://registry.npmjs.org/d3-queue/-/d3-queue-3.0.3.tgz",
      "integrity": "sha1-EO5N0FdKGv+qv7kx0LpPEXkm7cY="
    },
    "d3-random": {
      "version": "1.0.1",
      "resolved": "https://registry.npmjs.org/d3-random/-/d3-random-1.0.1.tgz",
      "integrity": "sha1-LJREzcuiP4xB95QNRr8wG/mWA+s="
    },
    "d3-request": {
      "version": "1.0.2",
      "resolved": "https://registry.npmjs.org/d3-request/-/d3-request-1.0.2.tgz",
      "integrity": "sha1-mAg3NtQUb90ocDtaqO9+cyi6P2k=",
      "requires": {
        "d3-collection": "1",
        "d3-dispatch": "1",
        "d3-dsv": "1",
        "xmlhttprequest": "1"
      }
    },
    "d3-scale": {
      "version": "1.0.3",
      "resolved": "https://registry.npmjs.org/d3-scale/-/d3-scale-1.0.3.tgz",
      "integrity": "sha1-T56PDMLqDzkl/wSsJ63AkEX6TJA=",
      "requires": {
        "d3-array": "1",
        "d3-collection": "1",
        "d3-color": "1",
        "d3-format": "1",
        "d3-interpolate": "1",
        "d3-time": "1",
        "d3-time-format": "2"
      }
    },
    "d3-selection": {
      "version": "1.0.2",
      "resolved": "https://registry.npmjs.org/d3-selection/-/d3-selection-1.0.2.tgz",
      "integrity": "sha1-rmYq/UcCrJxdoDmyEHoXZPockHA="
    },
    "d3-shape": {
      "version": "1.0.3",
      "resolved": "https://registry.npmjs.org/d3-shape/-/d3-shape-1.0.3.tgz",
      "integrity": "sha1-v2hdz8GS7R01o5/2mCakCak4UDQ=",
      "requires": {
        "d3-path": "1"
      }
    },
    "d3-time": {
      "version": "1.0.4",
      "resolved": "https://registry.npmjs.org/d3-time/-/d3-time-1.0.4.tgz",
      "integrity": "sha1-LOugmna3RQyZKh3tThD8YZXmlkk="
    },
    "d3-time-format": {
      "version": "2.0.2",
      "resolved": "https://registry.npmjs.org/d3-time-format/-/d3-time-format-2.0.2.tgz",
      "integrity": "sha1-HFN+nUVYlmpljFH0yj3RtHNpwtU=",
      "requires": {
        "d3-time": "1"
      }
    },
    "d3-timer": {
      "version": "1.0.3",
      "resolved": "https://registry.npmjs.org/d3-timer/-/d3-timer-1.0.3.tgz",
      "integrity": "sha1-ejCKEMhSR3jmsy0dbBwykgmuDr8="
    },
    "d3-transition": {
      "version": "1.0.3",
      "resolved": "https://registry.npmjs.org/d3-transition/-/d3-transition-1.0.3.tgz",
      "integrity": "sha1-kdyYa92zCXNjkyCoXbcs5KsaJ7s=",
      "requires": {
        "d3-color": "1",
        "d3-dispatch": "1",
        "d3-ease": "1",
        "d3-interpolate": "1",
        "d3-selection": "1",
        "d3-timer": "1"
      }
    },
    "d3-voronoi": {
      "version": "1.0.2",
      "resolved": "https://registry.npmjs.org/d3-voronoi/-/d3-voronoi-1.0.2.tgz",
      "integrity": "sha1-CbGjp4kcTtg3bZ/9sudwQw8/VcM="
    },
    "d3-zoom": {
      "version": "1.0.3",
      "resolved": "https://registry.npmjs.org/d3-zoom/-/d3-zoom-1.0.3.tgz",
      "integrity": "sha1-s2v7UX5TXf8OF5CI2+s9eJmmBQ4=",
      "requires": {
        "d3-dispatch": "1",
        "d3-drag": "1",
        "d3-interpolate": "1",
        "d3-selection": "1",
        "d3-transition": "1"
      }
    },
    "iconv-lite": {
      "version": "0.4.24",
      "resolved": "https://registry.npmjs.org/iconv-lite/-/iconv-lite-0.4.24.tgz",
      "integrity": "sha512-v3MXnZAcvnywkTUEZomIActle7RXXeedOR31wwl7VlyoXO4Qi9arvSenNQWne1TcRwhCL1HwLI21bEqdpj8/rA==",
      "requires": {
        "safer-buffer": ">= 2.1.2 < 3"
      }
    },
    "rw": {
      "version": "1.3.3",
      "resolved": "https://registry.npmjs.org/rw/-/rw-1.3.3.tgz",
      "integrity": "sha1-P4Yt+pGrdmsUiF700BEkv9oHT7Q="
    },
    "safer-buffer": {
      "version": "2.1.2",
      "resolved": "https://registry.npmjs.org/safer-buffer/-/safer-buffer-2.1.2.tgz",
      "integrity": "sha512-YZo3K82SD7Riyi0E1EQPojLz7kpepnSQI9IyPbHHg1XXXevb5dJI7tpyN2ADxGcQbHG7vcyRHk0cbwqcQriUtg=="
    },
    "techan": {
      "version": "0.8.0",
      "resolved": "https://registry.npmjs.org/techan/-/techan-0.8.0.tgz",
      "integrity": "sha1-juSfcG2qIvQIj8jmo0BlLk37R+M=",
      "requires": {
        "d3": "~4.2.6"
      }
    },
    "xmlhttprequest": {
      "version": "1.8.0",
      "resolved": "https://registry.npmjs.org/xmlhttprequest/-/xmlhttprequest-1.8.0.tgz",
      "integrity": "sha1-Z/4HXFwk/vOfnWX197f+dRcZaPw="
    }
  }
}
