# THIS IS AN AUTOGENERATED FILE. DO NOT EDIT THIS FILE DIRECTLY.
# yarn lockfile v1


commander@2:
  version "2.20.3"
  resolved "https://registry.yarnpkg.com/commander/-/commander-2.20.3.tgz#fd485e84c03eb4881c20722ba48035e8531aeb33"
  integrity sha512-GpVkmM8vF2vQUkj2LvZmD35JxeJOLCwJ9cUkugyk2nuhbv3+mJvpLYYt+0+USMxE+oj+ey/lJEnhZw75x/OMcQ==

d3-array@1:
  version "1.2.4"
  resolved "https://registry.yarnpkg.com/d3-array/-/d3-array-1.2.4.tgz#635ce4d5eea759f6f605863dbcfc30edc737f71f"
  integrity sha512-KHW6M86R+FUPYGb3R5XiYjXPq7VzwxZ22buHhAEVG5ztoEcZZMLov530mmccaqA1GghZArjQV46fuc8kUqhhHw==

d3-array@1.0.1:
  version "1.0.1"
  resolved "https://registry.yarnpkg.com/d3-array/-/d3-array-1.0.1.tgz#375c02874fcd96c16ed9f1bcf5b4a7be53f358e7"
  integrity sha1-N1wCh0/NlsFu2fG89bSnvlPzWOc=

d3-axis@1.0.3:
  version "1.0.3"
  resolved "https://registry.yarnpkg.com/d3-axis/-/d3-axis-1.0.3.tgz#ddcbd8a23c2a568d3787de0dee00a36413c5d595"
  integrity sha1-3cvYojwqVo03h94N7gCjZBPF1ZU=

d3-brush@1.0.3:
  version "1.0.3"
  resolved "https://registry.yarnpkg.com/d3-brush/-/d3-brush-1.0.3.tgz#4fa5374cc3b755d0990bf76b71b7a66417751c74"
  integrity sha1-T6U3TMO3VdCZC/drcbemZBd1HHQ=
  dependencies:
    d3-dispatch "1"
    d3-drag "1"
    d3-interpolate "1"
    d3-selection "1"
    d3-transition "1"

d3-chord@1.0.2:
  version "1.0.2"
  resolved "https://registry.yarnpkg.com/d3-chord/-/d3-chord-1.0.2.tgz#9b1ac90efe7de448c0b9188309071de52855a99a"
  integrity sha1-mxrJDv595EjAuRiDCQcd5ShVqZo=
  dependencies:
    d3-array "1"
    d3-path "1"

d3-collection@1:
  version "1.0.7"
  resolved "https://registry.yarnpkg.com/d3-collection/-/d3-collection-1.0.7.tgz#349bd2aa9977db071091c13144d5e4f16b5b310e"
  integrity sha512-ii0/r5f4sjKNTfh84Di+DpztYwqKhEyUlKoPrzUFfeSkWxjW49xU2QzO9qrPrNkpdI0XJkfzvmTu8V2Zylln6A==

d3-collection@1.0.1:
  version "1.0.1"
  resolved "https://registry.yarnpkg.com/d3-collection/-/d3-collection-1.0.1.tgz#5b5c5626f731122b600b107d71a08833fec049ad"
  integrity sha1-W1xWJvcxEitgCxB9caCIM/7ASa0=

d3-color@1:
  version "1.4.1"
  resolved "https://registry.yarnpkg.com/d3-color/-/d3-color-1.4.1.tgz#c52002bf8846ada4424d55d97982fef26eb3bc8a"
  integrity sha512-p2sTHSLCJI2QKunbGb7ocOh7DgTAn8IrLx21QRc/BSnodXM4sv6aLQlnfpvehFMLZEfBc6g9pH9SWQccFYfJ9Q==

d3-color@1.0.1:
  version "1.0.1"
  resolved "https://registry.yarnpkg.com/d3-color/-/d3-color-1.0.1.tgz#73cc91f4ee3f12e00ca06b1596a7c83cf104723a"
  integrity sha1-c8yR9O4/EuAMoGsVlqfIPPEEcjo=

d3-dispatch@1:
  version "1.0.6"
  resolved "https://registry.yarnpkg.com/d3-dispatch/-/d3-dispatch-1.0.6.tgz#00d37bcee4dd8cd97729dd893a0ac29caaba5d58"
  integrity sha512-fVjoElzjhCEy+Hbn8KygnmMS7Or0a9sI2UzGwoB7cCtvI1XpVN9GpoYlnb3xt2YV66oXYb1fLJ8GMvP4hdU1RA==

d3-dispatch@1.0.1:
  version "1.0.1"
  resolved "https://registry.yarnpkg.com/d3-dispatch/-/d3-dispatch-1.0.1.tgz#4bd65a43cecff4318deb9df24552aa8bf281a840"
  integrity sha1-S9ZaQ87P9DGN653yRVKqi/KBqEA=

d3-drag@1:
  version "1.2.5"
  resolved "https://registry.yarnpkg.com/d3-drag/-/d3-drag-1.2.5.tgz#2537f451acd39d31406677b7dc77c82f7d988f70"
  integrity sha512-rD1ohlkKQwMZYkQlYVCrSFxsWPzI97+W+PaEIBNTMxRuxz9RF0Hi5nJWHGVJ3Om9d2fRTe1yOBINJyy/ahV95w==
  dependencies:
    d3-dispatch "1"
    d3-selection "1"

d3-drag@1.0.1:
  version "1.0.1"
  resolved "https://registry.yarnpkg.com/d3-drag/-/d3-drag-1.0.1.tgz#49ad9f5c91865593fb30c86b15f9322d43fec51f"
  integrity sha1-Sa2fXJGGVZP7MMhrFfkyLUP+xR8=
  dependencies:
    d3-dispatch "1"
    d3-selection "1"

d3-dsv@1:
  version "1.2.0"
  resolved "https://registry.yarnpkg.com/d3-dsv/-/d3-dsv-1.2.0.tgz#9d5f75c3a5f8abd611f74d3f5847b0d4338b885c"
  integrity sha512-9yVlqvZcSOMhCYzniHE7EVUws7Fa1zgw+/EAV2BxJoG3ME19V6BQFBwI855XQDsxyOuG7NibqRMTtiF/Qup46g==
  dependencies:
    commander "2"
    iconv-lite "0.4"
    rw "1"

d3-dsv@1.0.3:
  version "1.0.3"
  resolved "https://registry.yarnpkg.com/d3-dsv/-/d3-dsv-1.0.3.tgz#049fe43c0f5f60c7ff7d376616bc76d6fc9d378f"
  integrity sha1-BJ/kPA9fYMf/fTdmFrx21vydN48=
  dependencies:
    commander "2"
    iconv-lite "0.4"
    rw "1"

d3-ease@1:
  version "1.0.7"
  resolved "https://registry.yarnpkg.com/d3-ease/-/d3-ease-1.0.7.tgz#9a834890ef8b8ae8c558b2fe55bd57f5993b85e2"
  integrity sha512-lx14ZPYkhNx0s/2HX5sLFUI3mbasHjSSpwO/KaaNACweVwxUruKyWVcb293wMv1RqTPZyZ8kSZ2NogUZNcLOFQ==

d3-ease@1.0.1:
  version "1.0.1"
  resolved "https://registry.yarnpkg.com/d3-ease/-/d3-ease-1.0.1.tgz#a18c2d44e218fb8b9ec6d635bcca587f85979a85"
  integrity sha1-oYwtROIY+4uextY1vMpYf4WXmoU=

d3-force@1.0.3:
  version "1.0.3"
  resolved "https://registry.yarnpkg.com/d3-force/-/d3-force-1.0.3.tgz#4b7bc812382b24497954b19a6130b551a33e1b73"
  integrity sha1-S3vIEjgrJEl5VLGaYTC1UaM+G3M=
  dependencies:
    d3-collection "1"
    d3-dispatch "1"
    d3-quadtree "1"
    d3-timer "1"

d3-format@1:
  version "1.4.5"
  resolved "https://registry.yarnpkg.com/d3-format/-/d3-format-1.4.5.tgz#374f2ba1320e3717eb74a9356c67daee17a7edb4"
  integrity sha512-J0piedu6Z8iB6TbIGfZgDzfXxUFN3qQRMofy2oPdXzQibYGqPB/9iMcxr/TGalU+2RsyDO+U4f33id8tbnSRMQ==

d3-format@1.0.2:
  version "1.0.2"
  resolved "https://registry.yarnpkg.com/d3-format/-/d3-format-1.0.2.tgz#138618320b4bbeb43b5c0ff30519079fbbd7375e"
  integrity sha1-E4YYMgtLvrQ7XA/zBRkHn7vXN14=

d3-geo@1.2.6:
  version "1.2.6"
  resolved "https://registry.yarnpkg.com/d3-geo/-/d3-geo-1.2.6.tgz#fa51288240a30eb6ca4885c15148e9c5256a7b00"
  integrity sha1-+lEogkCjDrbKSIXBUUjpxSVqewA=
  dependencies:
    d3-array "1"

d3-hierarchy@1.0.2:
  version "1.0.2"
  resolved "https://registry.yarnpkg.com/d3-hierarchy/-/d3-hierarchy-1.0.2.tgz#c8faa11dc49bcc93914c6aa35a46bdee4e01ee72"
  integrity sha1-yPqhHcSbzJORTGqjWka97k4B7nI=

d3-interpolate@1:
  version "1.4.0"
  resolved "https://registry.yarnpkg.com/d3-interpolate/-/d3-interpolate-1.4.0.tgz#526e79e2d80daa383f9e0c1c1c7dcc0f0583e987"
  integrity sha512-V9znK0zc3jOPV4VD2zZn0sDhZU3WAE2bmlxdIwwQPPzPjvyLkd8B3JUVdS1IDUFDkWZ72c9qnv1GK2ZagTZ8EA==
  dependencies:
    d3-color "1"

d3-interpolate@1.1.1:
  version "1.1.1"
  resolved "https://registry.yarnpkg.com/d3-interpolate/-/d3-interpolate-1.1.1.tgz#f9ad4f9a421b22cad8838cf53d9bd2cbad0b8fd7"
  integrity sha1-+a1PmkIbIsrYg4z1PZvSy60Lj9c=
  dependencies:
    d3-color "1"

d3-path@1:
  version "1.0.9"
  resolved "https://registry.yarnpkg.com/d3-path/-/d3-path-1.0.9.tgz#48c050bb1fe8c262493a8caf5524e3e9591701cf"
  integrity sha512-VLaYcn81dtHVTjEHd8B+pbe9yHWpXKZUC87PzoFmsFrJqgFwDe/qxfp5MlfsfM1V5E/iVt0MmEbWQ7FVIXh/bg==

d3-path@1.0.2:
  version "1.0.2"
  resolved "https://registry.yarnpkg.com/d3-path/-/d3-path-1.0.2.tgz#9941a472daed62084e5ecf4394987bcadc8c39a7"
  integrity sha1-mUGkctrtYghOXs9DlJh7ytyMOac=

d3-polygon@1.0.1:
  version "1.0.1"
  resolved "https://registry.yarnpkg.com/d3-polygon/-/d3-polygon-1.0.1.tgz#c1e710cc715b082f18494d102e41bdaaf8c44d03"
  integrity sha1-wecQzHFbCC8YSU0QLkG9qvjETQM=

d3-quadtree@1:
  version "1.0.7"
  resolved "https://registry.yarnpkg.com/d3-quadtree/-/d3-quadtree-1.0.7.tgz#ca8b84df7bb53763fe3c2f24bd435137f4e53135"
  integrity sha512-RKPAeXnkC59IDGD0Wu5mANy0Q2V28L+fNe65pOCXVdVuTJS3WPKaJlFHer32Rbh9gIo9qMuJXio8ra4+YmIymA==

d3-quadtree@1.0.1:
  version "1.0.1"
  resolved "https://registry.yarnpkg.com/d3-quadtree/-/d3-quadtree-1.0.1.tgz#13be025624f110405ed43536c506aaec199ed591"
  integrity sha1-E74CViTxEEBe1DU2xQaq7Bme1ZE=

d3-queue@3.0.3:
  version "3.0.3"
  resolved "https://registry.yarnpkg.com/d3-queue/-/d3-queue-3.0.3.tgz#10ee4dd0574a1affaabfb931d0ba4f117926edc6"
  integrity sha1-EO5N0FdKGv+qv7kx0LpPEXkm7cY=

d3-random@1.0.1:
  version "1.0.1"
  resolved "https://registry.yarnpkg.com/d3-random/-/d3-random-1.0.1.tgz#2c9444cdcba23f8c41f7940d46bf301bf99603eb"
  integrity sha1-LJREzcuiP4xB95QNRr8wG/mWA+s=

d3-request@1.0.2:
  version "1.0.2"
  resolved "https://registry.yarnpkg.com/d3-request/-/d3-request-1.0.2.tgz#98083736d4146fdd28703b5aa8ef7e7328ba3f69"
  integrity sha1-mAg3NtQUb90ocDtaqO9+cyi6P2k=
  dependencies:
    d3-collection "1"
    d3-dispatch "1"
    d3-dsv "1"
    xmlhttprequest "1"

d3-scale@1.0.3:
  version "1.0.3"
  resolved "https://registry.yarnpkg.com/d3-scale/-/d3-scale-1.0.3.tgz#4f9e8f0cc2ea0f3925ff04ac27adc09045fa4c90"
  integrity sha1-T56PDMLqDzkl/wSsJ63AkEX6TJA=
  dependencies:
    d3-array "1"
    d3-collection "1"
    d3-color "1"
    d3-format "1"
    d3-interpolate "1"
    d3-time "1"
    d3-time-format "2"

d3-selection@1, d3-selection@^1.1.0:
  version "1.4.2"
  resolved "https://registry.yarnpkg.com/d3-selection/-/d3-selection-1.4.2.tgz#dcaa49522c0dbf32d6c1858afc26b6094555bc5c"
  integrity sha512-SJ0BqYihzOjDnnlfyeHT0e30k0K1+5sR3d5fNueCNeuhZTnGw4M4o8mqJchSwgKMXCNFo+e2VTChiSJ0vYtXkg==

d3-selection@1.0.2:
  version "1.0.2"
  resolved "https://registry.yarnpkg.com/d3-selection/-/d3-selection-1.0.2.tgz#ae662afd4702ac9c5da039b2107a1764fa1c9070"
  integrity sha1-rmYq/UcCrJxdoDmyEHoXZPockHA=

d3-shape@1.0.3:
  version "1.0.3"
  resolved "https://registry.yarnpkg.com/d3-shape/-/d3-shape-1.0.3.tgz#bf685dcfc192ed1d35a39ff69826a409a9385034"
  integrity sha1-v2hdz8GS7R01o5/2mCakCak4UDQ=
  dependencies:
    d3-path "1"

d3-time-format@2:
  version "2.3.0"
  resolved "https://registry.yarnpkg.com/d3-time-format/-/d3-time-format-2.3.0.tgz#107bdc028667788a8924ba040faf1fbccd5a7850"
  integrity sha512-guv6b2H37s2Uq/GefleCDtbe0XZAuy7Wa49VGkPVPMfLL9qObgBST3lEHJBMUp8S7NdLQAGIvr2KXk8Hc98iKQ==
  dependencies:
    d3-time "1"

d3-time-format@2.0.2:
  version "2.0.2"
  resolved "https://registry.yarnpkg.com/d3-time-format/-/d3-time-format-2.0.2.tgz#1c537e9d4558966a658c51f4ca3dd1b47369c2d5"
  integrity sha1-HFN+nUVYlmpljFH0yj3RtHNpwtU=
  dependencies:
    d3-time "1"

d3-time@1:
  version "1.1.0"
  resolved "https://registry.yarnpkg.com/d3-time/-/d3-time-1.1.0.tgz#b1e19d307dae9c900b7e5b25ffc5dcc249a8a0f1"
  integrity sha512-Xh0isrZ5rPYYdqhAVk8VLnMEidhz5aP7htAADH6MfzgmmicPkTo8LhkLxci61/lCB7n7UmE3bN0leRt+qvkLxA==

d3-time@1.0.4:
  version "1.0.4"
  resolved "https://registry.yarnpkg.com/d3-time/-/d3-time-1.0.4.tgz#2ceba09a76b7450c992a1ded4e10fc6195e69649"
  integrity sha1-LOugmna3RQyZKh3tThD8YZXmlkk=

d3-timer@1:
  version "1.0.10"
  resolved "https://registry.yarnpkg.com/d3-timer/-/d3-timer-1.0.10.tgz#dfe76b8a91748831b13b6d9c793ffbd508dd9de5"
  integrity sha512-B1JDm0XDaQC+uvo4DT79H0XmBskgS3l6Ve+1SBCfxgmtIb1AVrPIoqd+nPSv+loMX8szQ0sVUhGngL7D5QPiXw==

d3-timer@1.0.3:
  version "1.0.3"
  resolved "https://registry.yarnpkg.com/d3-timer/-/d3-timer-1.0.3.tgz#7a308a10c8524778e6b32d1d6c1c329209ae0ebf"
  integrity sha1-ejCKEMhSR3jmsy0dbBwykgmuDr8=

d3-transition@1:
  version "1.3.2"
  resolved "https://registry.yarnpkg.com/d3-transition/-/d3-transition-1.3.2.tgz#a98ef2151be8d8600543434c1ca80140ae23b398"
  integrity sha512-sc0gRU4PFqZ47lPVHloMn9tlPcv8jxgOQg+0zjhfZXMQuvppjG6YuwdMBE0TuqCZjeJkLecku/l9R0JPcRhaDA==
  dependencies:
    d3-color "1"
    d3-dispatch "1"
    d3-ease "1"
    d3-interpolate "1"
    d3-selection "^1.1.0"
    d3-timer "1"

d3-transition@1.0.3:
  version "1.0.3"
  resolved "https://registry.yarnpkg.com/d3-transition/-/d3-transition-1.0.3.tgz#91dc986bddb30973639320a85db72ce4ab1a27bb"
  integrity sha1-kdyYa92zCXNjkyCoXbcs5KsaJ7s=
  dependencies:
    d3-color "1"
    d3-dispatch "1"
    d3-ease "1"
    d3-interpolate "1"
    d3-selection "1"
    d3-timer "1"

d3-voronoi@1.0.2:
  version "1.0.2"
  resolved "https://registry.yarnpkg.com/d3-voronoi/-/d3-voronoi-1.0.2.tgz#09b1a3a7891c4ed8376d9ffdb2e770430f3f55c3"
  integrity sha1-CbGjp4kcTtg3bZ/9sudwQw8/VcM=

d3-zoom@1.0.3:
  version "1.0.3"
  resolved "https://registry.yarnpkg.com/d3-zoom/-/d3-zoom-1.0.3.tgz#b36bfb517e535dff0e179088dbeb3d7899a6050e"
  integrity sha1-s2v7UX5TXf8OF5CI2+s9eJmmBQ4=
  dependencies:
    d3-dispatch "1"
    d3-drag "1"
    d3-interpolate "1"
    d3-selection "1"
    d3-transition "1"

d3@~4.2.6:
  version "4.2.8"
  resolved "https://registry.yarnpkg.com/d3/-/d3-4.2.8.tgz#43aabd4b1f616d227968f29812b36e22ad841d87"
  integrity sha1-Q6q9Sx9hbSJ5aPKYErNuIq2EHYc=
  dependencies:
    d3-array "1.0.1"
    d3-axis "1.0.3"
    d3-brush "1.0.3"
    d3-chord "1.0.2"
    d3-collection "1.0.1"
    d3-color "1.0.1"
    d3-dispatch "1.0.1"
    d3-drag "1.0.1"
    d3-dsv "1.0.3"
    d3-ease "1.0.1"
    d3-force "1.0.3"
    d3-format "1.0.2"
    d3-geo "1.2.6"
    d3-hierarchy "1.0.2"
    d3-interpolate "1.1.1"
    d3-path "1.0.2"
    d3-polygon "1.0.1"
    d3-quadtree "1.0.1"
    d3-queue "3.0.3"
    d3-random "1.0.1"
    d3-request "1.0.2"
    d3-scale "1.0.3"
    d3-selection "1.0.2"
    d3-shape "1.0.3"
    d3-time "1.0.4"
    d3-time-format "2.0.2"
    d3-timer "1.0.3"
    d3-transition "1.0.3"
    d3-voronoi "1.0.2"
    d3-zoom "1.0.3"

iconv-lite@0.4:
  version "0.4.24"
  resolved "https://registry.yarnpkg.com/iconv-lite/-/iconv-lite-0.4.24.tgz#2022b4b25fbddc21d2f524974a474aafe733908b"
  integrity sha512-v3MXnZAcvnywkTUEZomIActle7RXXeedOR31wwl7VlyoXO4Qi9arvSenNQWne1TcRwhCL1HwLI21bEqdpj8/rA==
  dependencies:
    safer-buffer ">= 2.1.2 < 3"

rw@1:
  version "1.3.3"
  resolved "https://registry.yarnpkg.com/rw/-/rw-1.3.3.tgz#3f862dfa91ab766b14885ef4d01124bfda074fb4"
  integrity sha1-P4Yt+pGrdmsUiF700BEkv9oHT7Q=

"safer-buffer@>= 2.1.2 < 3":
  version "2.1.2"
  resolved "https://registry.yarnpkg.com/safer-buffer/-/safer-buffer-2.1.2.tgz#44fa161b0187b9549dd84bb91802f9bd8385cd6a"
  integrity sha512-YZo3K82SD7Riyi0E1EQPojLz7kpepnSQI9IyPbHHg1XXXevb5dJI7tpyN2ADxGcQbHG7vcyRHk0cbwqcQriUtg==

techan@^0.8.0:
  version "0.8.0"
  resolved "https://registry.yarnpkg.com/techan/-/techan-0.8.0.tgz#8ee49f706daa22f4088fc8e6a340652e4dfb47e3"
  integrity sha1-juSfcG2qIvQIj8jmo0BlLk37R+M=
  dependencies:
    d3 "~4.2.6"

xmlhttprequest@1:
  version "1.8.0"
  resolved "https://registry.yarnpkg.com/xmlhttprequest/-/xmlhttprequest-1.8.0.tgz#67fe075c5c24fef39f9d65f5f7b7fe75171968fc"
  integrity sha1-Z/4HXFwk/vOfnWX197f+dRcZaPw=
